// !$*UTF8*$!
{
	archiveVersion = 1;
	classes = {
	};
	objectVersion = 46;
	objects = {

/* Begin PBXBuildFile section */
		0B023DBE1B0DFC62000FB2E3 /* main.m in Sources */ = {isa = PBXBuildFile; fileRef = 0B023DBD1B0DFC62000FB2E3 /* main.m */; };
		0B023DC11B0DFC62000FB2E3 /* AppDelegate.m in Sources */ = {isa = PBXBuildFile; fileRef = 0B023DC01B0DFC62000FB2E3 /* AppDelegate.m */; };
		0B023DC71B0DFC62000FB2E3 /* Main.storyboard in Resources */ = {isa = PBXBuildFile; fileRef = 0B023DC51B0DFC62000FB2E3 /* Main.storyboard */; };
		0B023DC91B0DFC62000FB2E3 /* Images.xcassets in Resources */ = {isa = PBXBuildFile; fileRef = 0B023DC81B0DFC62000FB2E3 /* Images.xcassets */; };
		0B023DCC1B0DFC62000FB2E3 /* LaunchScreen.xib in Resources */ = {isa = PBXBuildFile; fileRef = 0B023DCA1B0DFC62000FB2E3 /* LaunchScreen.xib */; };
		0B023DE11B0DFDDD000FB2E3 /* ChooserTableController.m in Sources */ = {isa = PBXBuildFile; fileRef = 0B023DE01B0DFDDD000FB2E3 /* ChooserTableController.m */; };
		0B023DE41B0DFF7C000FB2E3 /* ColorDetailsViewController.m in Sources */ = {isa = PBXBuildFile; fileRef = 0B023DE31B0DFF7C000FB2E3 /* ColorDetailsViewController.m */; };
		0B023E0E1B0E122A000FB2E3 /* librandomColor-iOS.a in Frameworks */ = {isa = PBXBuildFile; fileRef = 0B023DF01B0E11B1000FB2E3 /* librandomColor-iOS.a */; };
		0B023E8E1B0E1D3E000FB2E3 /* NSColor+randomColor.m in Sources */ = {isa = PBXBuildFile; fileRef = 0B023E851B0E1D36000FB2E3 /* NSColor+randomColor.m */; };
		0B023E901B0E1D48000FB2E3 /* UIColor+randomColor.m in Sources */ = {isa = PBXBuildFile; fileRef = 0B023E871B0E1D36000FB2E3 /* UIColor+randomColor.m */; };
		0B023E911B0E1D4B000FB2E3 /* YGColorDefinition.m in Sources */ = {isa = PBXBuildFile; fileRef = 0B023E891B0E1D36000FB2E3 /* YGColorDefinition.m */; };
		0B023E921B0E1D4B000FB2E3 /* YGColorDefinition.m in Sources */ = {isa = PBXBuildFile; fileRef = 0B023E891B0E1D36000FB2E3 /* YGColorDefinition.m */; };
/* End PBXBuildFile section */

/* Begin PBXContainerItemProxy section */
		0B023E0C1B0E121E000FB2E3 /* PBXContainerItemProxy */ = {
			isa = PBXContainerItemProxy;
			containerPortal = 0B023D901B0DE1DF000FB2E3 /* Project object */;
			proxyType = 1;
			remoteGlobalIDString = 0B023DEF1B0E11B1000FB2E3;
			remoteInfo = "randomColor-iOS";
		};
/* End PBXContainerItemProxy section */

/* Begin PBXCopyFilesBuildPhase section */
		0B023DEE1B0E11B1000FB2E3 /* CopyFiles */ = {
			isa = PBXCopyFilesBuildPhase;
			buildActionMask = 2147483647;
			dstPath = "include/$(PRODUCT_NAME)";
			dstSubfolderSpec = 16;
			files = (
			);
			runOnlyForDeploymentPostprocessing = 0;
		};
/* End PBXCopyFilesBuildPhase section */

/* Begin PBXFileReference section */
		0B023DB91B0DFC61000FB2E3 /* Demo-iOS.app */ = {isa = PBXFileReference; explicitFileType = wrapper.application; includeInIndex = 0; path = "Demo-iOS.app"; sourceTree = BUILT_PRODUCTS_DIR; };
		0B023DBC1B0DFC62000FB2E3 /* Info.plist */ = {isa = PBXFileReference; lastKnownFileType = text.plist.xml; path = Info.plist; sourceTree = "<group>"; };
		0B023DBD1B0DFC62000FB2E3 /* main.m */ = {isa = PBXFileReference; lastKnownFileType = sourcecode.c.objc; path = main.m; sourceTree = "<group>"; };
		0B023DBF1B0DFC62000FB2E3 /* AppDelegate.h */ = {isa = PBXFileReference; lastKnownFileType = sourcecode.c.h; path = AppDelegate.h; sourceTree = "<group>"; };
		0B023DC01B0DFC62000FB2E3 /* AppDelegate.m */ = {isa = PBXFileReference; lastKnownFileType = sourcecode.c.objc; path = AppDelegate.m; sourceTree = "<group>"; };
		0B023DC61B0DFC62000FB2E3 /* Base */ = {isa = PBXFileReference; lastKnownFileType = file.storyboard; name = Base; path = Base.lproj/Main.storyboard; sourceTree = "<group>"; };
		0B023DC81B0DFC62000FB2E3 /* Images.xcassets */ = {isa = PBXFileReference; lastKnownFileType = folder.assetcatalog; path = Images.xcassets; sourceTree = "<group>"; };
		0B023DCB1B0DFC62000FB2E3 /* Base */ = {isa = PBXFileReference; lastKnownFileType = file.xib; name = Base; path = Base.lproj/LaunchScreen.xib; sourceTree = "<group>"; };
		0B023DDF1B0DFDDD000FB2E3 /* ChooserTableController.h */ = {isa = PBXFileReference; fileEncoding = 4; lastKnownFileType = sourcecode.c.h; path = ChooserTableController.h; sourceTree = "<group>"; };
		0B023DE01B0DFDDD000FB2E3 /* ChooserTableController.m */ = {isa = PBXFileReference; fileEncoding = 4; lastKnownFileType = sourcecode.c.objc; path = ChooserTableController.m; sourceTree = "<group>"; };
		0B023DE21B0DFF7C000FB2E3 /* ColorDetailsViewController.h */ = {isa = PBXFileReference; fileEncoding = 4; lastKnownFileType = sourcecode.c.h; path = ColorDetailsViewController.h; sourceTree = "<group>"; };
		0B023DE31B0DFF7C000FB2E3 /* ColorDetailsViewController.m */ = {isa = PBXFileReference; fileEncoding = 4; lastKnownFileType = sourcecode.c.objc; path = ColorDetailsViewController.m; sourceTree = "<group>"; };
		0B023DF01B0E11B1000FB2E3 /* librandomColor-iOS.a */ = {isa = PBXFileReference; explicitFileType = archive.ar; includeInIndex = 0; path = "librandomColor-iOS.a"; sourceTree = BUILT_PRODUCTS_DIR; };
		0B023E321B0E12EB000FB2E3 /* librandomColor-OSX.a */ = {isa = PBXFileReference; explicitFileType = archive.ar; includeInIndex = 0; path = "librandomColor-OSX.a"; sourceTree = BUILT_PRODUCTS_DIR; };
		0B023E841B0E1D36000FB2E3 /* NSColor+randomColor.h */ = {isa = PBXFileReference; fileEncoding = 4; lastKnownFileType = sourcecode.c.h; name = "NSColor+randomColor.h"; path = "Classes/NSColor+randomColor.h"; sourceTree = SOURCE_ROOT; };
		0B023E851B0E1D36000FB2E3 /* NSColor+randomColor.m */ = {isa = PBXFileReference; fileEncoding = 4; lastKnownFileType = sourcecode.c.objc; name = "NSColor+randomColor.m"; path = "Classes/NSColor+randomColor.m"; sourceTree = SOURCE_ROOT; };
		0B023E861B0E1D36000FB2E3 /* UIColor+randomColor.h */ = {isa = PBXFileReference; fileEncoding = 4; lastKnownFileType = sourcecode.c.h; name = "UIColor+randomColor.h"; path = "Classes/UIColor+randomColor.h"; sourceTree = SOURCE_ROOT; };
		0B023E871B0E1D36000FB2E3 /* UIColor+randomColor.m */ = {isa = PBXFileReference; fileEncoding = 4; lastKnownFileType = sourcecode.c.objc; name = "UIColor+randomColor.m"; path = "Classes/UIColor+randomColor.m"; sourceTree = SOURCE_ROOT; };
		0B023E881B0E1D36000FB2E3 /* YGColorDefinition.h */ = {isa = PBXFileReference; fileEncoding = 4; lastKnownFileType = sourcecode.c.h; name = YGColorDefinition.h; path = Classes/YGColorDefinition.h; sourceTree = SOURCE_ROOT; };
		0B023E891B0E1D36000FB2E3 /* YGColorDefinition.m */ = {isa = PBXFileReference; fileEncoding = 4; lastKnownFileType = sourcecode.c.objc; name = YGColorDefinition.m; path = Classes/YGColorDefinition.m; sourceTree = SOURCE_ROOT; };
/* End PBXFileReference section */

/* Begin PBXFrameworksBuildPhase section */
		0B023DB61B0DFC61000FB2E3 /* Frameworks */ = {
			isa = PBXFrameworksBuildPhase;
			buildActionMask = 2147483647;
			files = (
				0B023E0E1B0E122A000FB2E3 /* librandomColor-iOS.a in Frameworks */,
			);
			runOnlyForDeploymentPostprocessing = 0;
		};
		0B023DED1B0E11B1000FB2E3 /* Frameworks */ = {
			isa = PBXFrameworksBuildPhase;
			buildActionMask = 2147483647;
			files = (
			);
			runOnlyForDeploymentPostprocessing = 0;
		};
		0B023E2F1B0E12EB000FB2E3 /* Frameworks */ = {
			isa = PBXFrameworksBuildPhase;
			buildActionMask = 2147483647;
			files = (
			);
			runOnlyForDeploymentPostprocessing = 0;
		};
/* End PBXFrameworksBuildPhase section */

/* Begin PBXGroup section */
		0B023D8F1B0DE1DF000FB2E3 = {
			isa = PBXGroup;
			children = (
				0B023D9A1B0DE1DF000FB2E3 /* Classes */,
				0B023DBA1B0DFC62000FB2E3 /* Demo-iOS */,
				0B023D991B0DE1DF000FB2E3 /* Products */,
			);
			sourceTree = "<group>";
		};
		0B023D991B0DE1DF000FB2E3 /* Products */ = {
			isa = PBXGroup;
			children = (
				0B023DB91B0DFC61000FB2E3 /* Demo-iOS.app */,
				0B023DF01B0E11B1000FB2E3 /* librandomColor-iOS.a */,
				0B023E321B0E12EB000FB2E3 /* librandomColor-OSX.a */,
			);
			name = Products;
			sourceTree = "<group>";
		};
		0B023D9A1B0DE1DF000FB2E3 /* Classes */ = {
			isa = PBXGroup;
			children = (
				0B023E841B0E1D36000FB2E3 /* NSColor+randomColor.h */,
				0B023E851B0E1D36000FB2E3 /* NSColor+randomColor.m */,
				0B023E861B0E1D36000FB2E3 /* UIColor+randomColor.h */,
				0B023E871B0E1D36000FB2E3 /* UIColor+randomColor.m */,
				0B023E881B0E1D36000FB2E3 /* YGColorDefinition.h */,
				0B023E891B0E1D36000FB2E3 /* YGColorDefinition.m */,
			);
			name = Classes;
			path = randomColor;
			sourceTree = "<group>";
		};
		0B023DBA1B0DFC62000FB2E3 /* Demo-iOS */ = {
			isa = PBXGroup;
			children = (
				0B023DBF1B0DFC62000FB2E3 /* AppDelegate.h */,
				0B023DC01B0DFC62000FB2E3 /* AppDelegate.m */,
				0B023DC51B0DFC62000FB2E3 /* Main.storyboard */,
				0B023DDF1B0DFDDD000FB2E3 /* ChooserTableController.h */,
				0B023DE01B0DFDDD000FB2E3 /* ChooserTableController.m */,
				0B023DE21B0DFF7C000FB2E3 /* ColorDetailsViewController.h */,
				0B023DE31B0DFF7C000FB2E3 /* ColorDetailsViewController.m */,
				0B023DC81B0DFC62000FB2E3 /* Images.xcassets */,
				0B023DCA1B0DFC62000FB2E3 /* LaunchScreen.xib */,
				0B023DBB1B0DFC62000FB2E3 /* Supporting Files */,
			);
			path = "Demo-iOS";
			sourceTree = "<group>";
		};
		0B023DBB1B0DFC62000FB2E3 /* Supporting Files */ = {
			isa = PBXGroup;
			children = (
				0B023DBC1B0DFC62000FB2E3 /* Info.plist */,
				0B023DBD1B0DFC62000FB2E3 /* main.m */,
			);
			name = "Supporting Files";
			sourceTree = "<group>";
		};
/* End PBXGroup section */

/* Begin PBXHeadersBuildPhase section */
		0B023E301B0E12EB000FB2E3 /* Headers */ = {
			isa = PBXHeadersBuildPhase;
			buildActionMask = 2147483647;
			files = (
			);
			runOnlyForDeploymentPostprocessing = 0;
		};
/* End PBXHeadersBuildPhase section */

/* Begin PBXNativeTarget section */
		0B023DB81B0DFC61000FB2E3 /* Demo-iOS */ = {
			isa = PBXNativeTarget;
			buildConfigurationList = 0B023DD91B0DFC62000FB2E3 /* Build configuration list for PBXNativeTarget "Demo-iOS" */;
			buildPhases = (
				0B023DB51B0DFC61000FB2E3 /* Sources */,
				0B023DB61B0DFC61000FB2E3 /* Frameworks */,
				0B023DB71B0DFC61000FB2E3 /* Resources */,
			);
			buildRules = (
			);
			dependencies = (
				0B023E0D1B0E121E000FB2E3 /* PBXTargetDependency */,
			);
			name = "Demo-iOS";
			productName = "Demo-iOS";
			productReference = 0B023DB91B0DFC61000FB2E3 /* Demo-iOS.app */;
			productType = "com.apple.product-type.application";
		};
		0B023DEF1B0E11B1000FB2E3 /* randomColor-iOS */ = {
			isa = PBXNativeTarget;
			buildConfigurationList = 0B023E011B0E11B1000FB2E3 /* Build configuration list for PBXNativeTarget "randomColor-iOS" */;
			buildPhases = (
				0B023DEC1B0E11B1000FB2E3 /* Sources */,
				0B023DED1B0E11B1000FB2E3 /* Frameworks */,
				0B023DEE1B0E11B1000FB2E3 /* CopyFiles */,
			);
			buildRules = (
			);
			dependencies = (
			);
			name = "randomColor-iOS";
			productName = "randomColor-iOS";
			productReference = 0B023DF01B0E11B1000FB2E3 /* librandomColor-iOS.a */;
			productType = "com.apple.product-type.library.static";
		};
		0B023E311B0E12EB000FB2E3 /* randomColor-OSX */ = {
			isa = PBXNativeTarget;
			buildConfigurationList = 0B023E431B0E12EC000FB2E3 /* Build configuration list for PBXNativeTarget "randomColor-OSX" */;
			buildPhases = (
				0B023E2E1B0E12EB000FB2E3 /* Sources */,
				0B023E2F1B0E12EB000FB2E3 /* Frameworks */,
				0B023E301B0E12EB000FB2E3 /* Headers */,
			);
			buildRules = (
			);
			dependencies = (
			);
			name = "randomColor-OSX";
			productName = "randomColor-OSX";
			productReference = 0B023E321B0E12EB000FB2E3 /* librandomColor-OSX.a */;
			productType = "com.apple.product-type.library.static";
		};
/* End PBXNativeTarget section */

/* Begin PBXProject section */
		0B023D901B0DE1DF000FB2E3 /* Project object */ = {
			isa = PBXProject;
			attributes = {
				LastUpgradeCheck = 0630;
				ORGANIZATIONNAME = yageek;
				TargetAttributes = {
					0B023DB81B0DFC61000FB2E3 = {
						CreatedOnToolsVersion = 6.3.2;
					};
					0B023DEF1B0E11B1000FB2E3 = {
						CreatedOnToolsVersion = 6.3.2;
					};
					0B023E311B0E12EB000FB2E3 = {
						CreatedOnToolsVersion = 6.3.2;
					};
				};
			};
			buildConfigurationList = 0B023D931B0DE1DF000FB2E3 /* Build configuration list for PBXProject "randomColor" */;
			compatibilityVersion = "Xcode 3.2";
			developmentRegion = English;
			hasScannedForEncodings = 0;
			knownRegions = (
				en,
				Base,
			);
			mainGroup = 0B023D8F1B0DE1DF000FB2E3;
			productRefGroup = 0B023D991B0DE1DF000FB2E3 /* Products */;
			projectDirPath = "";
			projectRoot = "";
			targets = (
				0B023DB81B0DFC61000FB2E3 /* Demo-iOS */,
				0B023DEF1B0E11B1000FB2E3 /* randomColor-iOS */,
				0B023E311B0E12EB000FB2E3 /* randomColor-OSX */,
			);
		};
/* End PBXProject section */

/* Begin PBXResourcesBuildPhase section */
		0B023DB71B0DFC61000FB2E3 /* Resources */ = {
			isa = PBXResourcesBuildPhase;
			buildActionMask = 2147483647;
			files = (
				0B023DC71B0DFC62000FB2E3 /* Main.storyboard in Resources */,
				0B023DCC1B0DFC62000FB2E3 /* LaunchScreen.xib in Resources */,
				0B023DC91B0DFC62000FB2E3 /* Images.xcassets in Resources */,
			);
			runOnlyForDeploymentPostprocessing = 0;
		};
/* End PBXResourcesBuildPhase section */

/* Begin PBXSourcesBuildPhase section */
		0B023DB51B0DFC61000FB2E3 /* Sources */ = {
			isa = PBXSourcesBuildPhase;
			buildActionMask = 2147483647;
			files = (
				0B023DE11B0DFDDD000FB2E3 /* ChooserTableController.m in Sources */,
				0B023DC11B0DFC62000FB2E3 /* AppDelegate.m in Sources */,
				0B023DBE1B0DFC62000FB2E3 /* main.m in Sources */,
				0B023DE41B0DFF7C000FB2E3 /* ColorDetailsViewController.m in Sources */,
			);
			runOnlyForDeploymentPostprocessing = 0;
		};
		0B023DEC1B0E11B1000FB2E3 /* Sources */ = {
			isa = PBXSourcesBuildPhase;
			buildActionMask = 2147483647;
			files = (
				0B023E911B0E1D4B000FB2E3 /* YGColorDefinition.m in Sources */,
				0B023E901B0E1D48000FB2E3 /* UIColor+randomColor.m in Sources */,
			);
			runOnlyForDeploymentPostprocessing = 0;
		};
		0B023E2E1B0E12EB000FB2E3 /* Sources */ = {
			isa = PBXSourcesBuildPhase;
			buildActionMask = 2147483647;
			files = (
				0B023E921B0E1D4B000FB2E3 /* YGColorDefinition.m in Sources */,
				0B023E8E1B0E1D3E000FB2E3 /* NSColor+randomColor.m in Sources */,
			);
			runOnlyForDeploymentPostprocessing = 0;
		};
/* End PBXSourcesBuildPhase section */

/* Begin PBXTargetDependency section */
		0B023E0D1B0E121E000FB2E3 /* PBXTargetDependency */ = {
			isa = PBXTargetDependency;
			target = 0B023DEF1B0E11B1000FB2E3 /* randomColor-iOS */;
			targetProxy = 0B023E0C1B0E121E000FB2E3 /* PBXContainerItemProxy */;
		};
/* End PBXTargetDependency section */

/* Begin PBXVariantGroup section */
		0B023DC51B0DFC62000FB2E3 /* Main.storyboard */ = {
			isa = PBXVariantGroup;
			children = (
				0B023DC61B0DFC62000FB2E3 /* Base */,
			);
			name = Main.storyboard;
			sourceTree = "<group>";
		};
		0B023DCA1B0DFC62000FB2E3 /* LaunchScreen.xib */ = {
			isa = PBXVariantGroup;
			children = (
				0B023DCB1B0DFC62000FB2E3 /* Base */,
			);
			name = LaunchScreen.xib;
			sourceTree = "<group>";
		};
/* End PBXVariantGroup section */

/* Begin XCBuildConfiguration section */
		0B023DAA1B0DE1DF000FB2E3 /* Debug */ = {
			isa = XCBuildConfiguration;
			buildSettings = {
				ALWAYS_SEARCH_USER_PATHS = NO;
				CLANG_CXX_LANGUAGE_STANDARD = "gnu++0x";
				CLANG_CXX_LIBRARY = "libc++";
				CLANG_ENABLE_MODULES = YES;
				CLANG_ENABLE_OBJC_ARC = YES;
				CLANG_WARN_BOOL_CONVERSION = YES;
				CLANG_WARN_CONSTANT_CONVERSION = YES;
				CLANG_WARN_DIRECT_OBJC_ISA_USAGE = YES_ERROR;
				CLANG_WARN_EMPTY_BODY = YES;
				CLANG_WARN_ENUM_CONVERSION = YES;
				CLANG_WARN_INT_CONVERSION = YES;
				CLANG_WARN_OBJC_ROOT_CLASS = YES_ERROR;
				CLANG_WARN_UNREACHABLE_CODE = YES;
				CLANG_WARN__DUPLICATE_METHOD_MATCH = YES;
				COPY_PHASE_STRIP = NO;
				DEBUG_INFORMATION_FORMAT = "dwarf-with-dsym";
				ENABLE_STRICT_OBJC_MSGSEND = YES;
				GCC_C_LANGUAGE_STANDARD = gnu99;
				GCC_DYNAMIC_NO_PIC = NO;
				GCC_NO_COMMON_BLOCKS = YES;
				GCC_OPTIMIZATION_LEVEL = 0;
				GCC_PREPROCESSOR_DEFINITIONS = (
					"DEBUG=1",
					"$(inherited)",
				);
				GCC_SYMBOLS_PRIVATE_EXTERN = NO;
				GCC_WARN_64_TO_32_BIT_CONVERSION = YES;
				GCC_WARN_ABOUT_RETURN_TYPE = YES_ERROR;
				GCC_WARN_UNDECLARED_SELECTOR = YES;
				GCC_WARN_UNINITIALIZED_AUTOS = YES_AGGRESSIVE;
				GCC_WARN_UNUSED_FUNCTION = YES;
				GCC_WARN_UNUSED_VARIABLE = YES;
				IPHONEOS_DEPLOYMENT_TARGET = 8.3;
				MTL_ENABLE_DEBUG_INFO = YES;
				ONLY_ACTIVE_ARCH = YES;
				SDKROOT = iphoneos;
			};
			name = Debug;
		};
		0B023DAB1B0DE1DF000FB2E3 /* Release */ = {
			isa = XCBuildConfiguration;
			buildSettings = {
				ALWAYS_SEARCH_USER_PATHS = NO;
				CLANG_CXX_LANGUAGE_STANDARD = "gnu++0x";
				CLANG_CXX_LIBRARY = "libc++";
				CLANG_ENABLE_MODULES = YES;
				CLANG_ENABLE_OBJC_ARC = YES;
				CLANG_WARN_BOOL_CONVERSION = YES;
				CLANG_WARN_CONSTANT_CONVERSION = YES;
				CLANG_WARN_DIRECT_OBJC_ISA_USAGE = YES_ERROR;
				CLANG_WARN_EMPTY_BODY = YES;
				CLANG_WARN_ENUM_CONVERSION = YES;
				CLANG_WARN_INT_CONVERSION = YES;
				CLANG_WARN_OBJC_ROOT_CLASS = YES_ERROR;
				CLANG_WARN_UNREACHABLE_CODE = YES;
				CLANG_WARN__DUPLICATE_METHOD_MATCH = YES;
				COPY_PHASE_STRIP = NO;
				DEBUG_INFORMATION_FORMAT = "dwarf-with-dsym";
				ENABLE_NS_ASSERTIONS = NO;
				ENABLE_STRICT_OBJC_MSGSEND = YES;
				GCC_C_LANGUAGE_STANDARD = gnu99;
				GCC_NO_COMMON_BLOCKS = YES;
				GCC_WARN_64_TO_32_BIT_CONVERSION = YES;
				GCC_WARN_ABOUT_RETURN_TYPE = YES_ERROR;
				GCC_WARN_UNDECLARED_SELECTOR = YES;
				GCC_WARN_UNINITIALIZED_AUTOS = YES_AGGRESSIVE;
				GCC_WARN_UNUSED_FUNCTION = YES;
				GCC_WARN_UNUSED_VARIABLE = YES;
				IPHONEOS_DEPLOYMENT_TARGET = 8.3;
				MTL_ENABLE_DEBUG_INFO = NO;
				SDKROOT = iphoneos;
				VALIDATE_PRODUCT = YES;
			};
			name = Release;
		};
		0B023DDA1B0DFC62000FB2E3 /* Debug */ = {
			isa = XCBuildConfiguration;
			buildSettings = {
				ASSETCATALOG_COMPILER_APPICON_NAME = AppIcon;
				"CODE_SIGN_IDENTITY[sdk=iphoneos*]" = "iPhone Developer";
				GCC_PREPROCESSOR_DEFINITIONS = (
					"DEBUG=1",
					"$(inherited)",
				);
				INFOPLIST_FILE = "Demo-iOS/Info.plist";
				LD_RUNPATH_SEARCH_PATHS = "$(inherited) @executable_path/Frameworks";
				OTHER_LDFLAGS = (
					"$(OTHER_LDFLAGS)",
					"-ObjC",
				);
				PRODUCT_NAME = "$(TARGET_NAME)";
			};
			name = Debug;
		};
		0B023DDB1B0DFC62000FB2E3 /* Release */ = {
			isa = XCBuildConfiguration;
			buildSettings = {
				ASSETCATALOG_COMPILER_APPICON_NAME = AppIcon;
				"CODE_SIGN_IDENTITY[sdk=iphoneos*]" = "iPhone Developer";
				INFOPLIST_FILE = "Demo-iOS/Info.plist";
				LD_RUNPATH_SEARCH_PATHS = "$(inherited) @executable_path/Frameworks";
				OTHER_LDFLAGS = (
					"$(OTHER_LDFLAGS)",
					"-ObjC",
				);
				PRODUCT_NAME = "$(TARGET_NAME)";
			};
			name = Release;
		};
		0B023E021B0E11B1000FB2E3 /* Debug */ = {
			isa = XCBuildConfiguration;
			buildSettings = {
				GCC_PREPROCESSOR_DEFINITIONS = (
					"DEBUG=1",
					"$(inherited)",
				);
				OTHER_LDFLAGS = "-ObjC";
				PRODUCT_NAME = "$(TARGET_NAME)";
				SKIP_INSTALL = YES;
			};
			name = Debug;
		};
		0B023E031B0E11B1000FB2E3 /* Release */ = {
			isa = XCBuildConfiguration;
			buildSettings = {
				OTHER_LDFLAGS = "-ObjC";
				PRODUCT_NAME = "$(TARGET_NAME)";
				SKIP_INSTALL = YES;
			};
			name = Release;
		};
		0B023E441B0E12EC000FB2E3 /* Debug */ = {
			isa = XCBuildConfiguration;
			buildSettings = {
				ARCHS = "$(ARCHS_STANDARD)";
				DEBUG_INFORMATION_FORMAT = dwarf;
				EXECUTABLE_PREFIX = lib;
				GCC_PREPROCESSOR_DEFINITIONS = (
					"DEBUG=1",
					"$(inherited)",
				);
				MACOSX_DEPLOYMENT_TARGET = 10.10;
				PRODUCT_NAME = "$(TARGET_NAME)";
				SDKROOT = macosx;
			};
			name = Debug;
		};
		0B023E451B0E12EC000FB2E3 /* Release */ = {
			isa = XCBuildConfiguration;
			buildSettings = {
				ARCHS = "$(ARCHS_STANDARD)";
				EXECUTABLE_PREFIX = lib;
				MACOSX_DEPLOYMENT_TARGET = 10.10;
				PRODUCT_NAME = "$(TARGET_NAME)";
				SDKROOT = macosx;
			};
			name = Release;
		};
/* End XCBuildConfiguration section */

/* Begin XCConfigurationList section */
		0B023D931B0DE1DF000FB2E3 /* Build configuration list for PBXProject "randomColor" */ = {
			isa = XCConfigurationList;
			buildConfigurations = (
				0B023DAA1B0DE1DF000FB2E3 /* Debug */,
				0B023DAB1B0DE1DF000FB2E3 /* Release */,
			);
			defaultConfigurationIsVisible = 0;
			defaultConfigurationName = Release;
		};
		0B023DD91B0DFC62000FB2E3 /* Build configuration list for PBXNativeTarget "Demo-iOS" */ = {
			isa = XCConfigurationList;
			buildConfigurations = (
				0B023DDA1B0DFC62000FB2E3 /* Debug */,
				0B023DDB1B0DFC62000FB2E3 /* Release */,
			);
			defaultConfigurationIsVisible = 0;
			defaultConfigurationName = Release;
		};
		0B023E011B0E11B1000FB2E3 /* Build configuration list for PBXNativeTarget "randomColor-iOS" */ = {
			isa = XCConfigurationList;
			buildConfigurations = (
				0B023E021B0E11B1000FB2E3 /* Debug */,
				0B023E031B0E11B1000FB2E3 /* Release */,
			);
			defaultConfigurationIsVisible = 0;
			defaultConfigurationName = Release;
		};
		0B023E431B0E12EC000FB2E3 /* Build configuration list for PBXNativeTarget "randomColor-OSX" */ = {
			isa = XCConfigurationList;
			buildConfigurations = (
				0B023E441B0E12EC000FB2E3 /* Debug */,
				0B023E451B0E12EC000FB2E3 /* Release */,
			);
			defaultConfigurationIsVisible = 0;
			defaultConfigurationName = Release;
		};
/* End XCConfigurationList section */
	};
	rootObject = 0B023D901B0DE1DF000FB2E3 /* Project object */;
}
